// !$*UTF8*$!
{
	archiveVersion = 1;
	classes = {
	};
	objectVersion = 77;
	objects = {

/* Begin PBXContainerItemProxy section */
		E6254E552E77D083006FEF18 /* PBXContainerItemProxy */ = {
			isa = PBXContainerItemProxy;
			containerPortal = E6254E3F2E77D082006FEF18 /* Project object */;
			proxyType = 1;
			remoteGlobalIDString = E6254E462E77D082006FEF18;
			remoteInfo = SwiftSourceControl;
		};
		E6254E5F2E77D083006FEF18 /* PBXContainerItemProxy */ = {
			isa = PBXContainerItemProxy;
			containerPortal = E6254E3F2E77D082006FEF18 /* Project object */;
			proxyType = 1;
			remoteGlobalIDString = E6254E462E77D082006FEF18;
			remoteInfo = SwiftSourceControl;
		};
/* End PBXContainerItemProxy section */

/* Begin PBXFileReference section */
		E6254E472E77D082006FEF18 /* SwiftSourceControl.app */ = {isa = PBXFileReference; explicitFileType = wrapper.application; includeInIndex = 0; path = SwiftSourceControl.app; sourceTree = BUILT_PRODUCTS_DIR; };
		E6254E542E77D083006FEF18 /* SwiftSourceControlTests.xctest */ = {isa = PBXFileReference; explicitFileType = wrapper.cfbundle; includeInIndex = 0; path = SwiftSourceControlTests.xctest; sourceTree = BUILT_PRODUCTS_DIR; };
		E6254E5E2E77D083006FEF18 /* SwiftSourceControlUITests.xctest */ = {isa = PBXFileReference; explicitFileType = wrapper.cfbundle; includeInIndex = 0; path = SwiftSourceControlUITests.xctest; sourceTree = BUILT_PRODUCTS_DIR; };
/* End PBXFileReference section */

/* Begin PBXFileSystemSynchronizedRootGroup section */
		E6254E492E77D082006FEF18 /* SwiftSourceControl */ = {
			isa = PBXFileSystemSynchronizedRootGroup;
			path = SwiftSourceControl;
			sourceTree = "<group>";
		};
		E6254E572E77D083006FEF18 /* SwiftSourceControlTests */ = {
			isa = PBXFileSystemSynchronizedRootGroup;
			path = SwiftSourceControlTests;
			sourceTree = "<group>";
		};
		E6254E612E77D083006FEF18 /* SwiftSourceControlUITests */ = {
			isa = PBXFileSystemSynchronizedRootGroup;
			path = SwiftSourceControlUITests;
			sourceTree = "<group>";
		};
/* End PBXFileSystemSynchronizedRootGroup section */

/* Begin PBXFrameworksBuildPhase section */
		E6254E442E77D082006FEF18 /* Frameworks */ = {
			isa = PBXFrameworksBuildPhase;
			buildActionMask = 2147483647;
			files = (
			);
			runOnlyForDeploymentPostprocessing = 0;
		};
		E6254E512E77D083006FEF18 /* Frameworks */ = {
			isa = PBXFrameworksBuildPhase;
			buildActionMask = 2147483647;
			files = (
			);
			runOnlyForDeploymentPostprocessing = 0;
		};
		E6254E5B2E77D083006FEF18 /* Frameworks */ = {
			isa = PBXFrameworksBuildPhase;
			buildActionMask = 2147483647;
			files = (
			);
			runOnlyForDeploymentPostprocessing = 0;
		};
/* End PBXFrameworksBuildPhase section */

/* Begin PBXGroup section */
		E6254E3E2E77D082006FEF18 = {
			isa = PBXGroup;
			children = (
				E6254E492E77D082006FEF18 /* SwiftSourceControl */,
				E6254E572E77D083006FEF18 /* SwiftSourceControlTests */,
				E6254E612E77D083006FEF18 /* SwiftSourceControlUITests */,
				E6254E482E77D082006FEF18 /* Products */,
			);
			sourceTree = "<group>";
		};
		E6254E482E77D082006FEF18 /* Products */ = {
			isa = PBXGroup;
			children = (
				E6254E472E77D082006FEF18 /* SwiftSourceControl.app */,
				E6254E542E77D083006FEF18 /* SwiftSourceControlTests.xctest */,
				E6254E5E2E77D083006FEF18 /* SwiftSourceControlUITests.xctest */,
			);
			name = Products;
			sourceTree = "<group>";
		};
/* End PBXGroup section */

/* Begin PBXNativeTarget section */
		E6254E462E77D082006FEF18 /* SwiftSourceControl */ = {
			isa = PBXNativeTarget;
			buildConfigurationList = E6254E682E77D083006FEF18 /* Build configuration list for PBXNativeTarget "SwiftSourceControl" */;
			buildPhases = (
				E6254E432E77D082006FEF18 /* Sources */,
				E6254E442E77D082006FEF18 /* Frameworks */,
				E6254E452E77D082006FEF18 /* Resources */,
			);
			buildRules = (
			);
			dependencies = (
			);
			fileSystemSynchronizedGroups = (
				E6254E492E77D082006FEF18 /* SwiftSourceControl */,
			);
			name = SwiftSourceControl;
			packageProductDependencies = (
			);
			productName = SwiftSourceControl;
			productReference = E6254E472E77D082006FEF18 /* SwiftSourceControl.app */;
			productType = "com.apple.product-type.application";
		};
		E6254E532E77D083006FEF18 /* SwiftSourceControlTests */ = {
			isa = PBXNativeTarget;
			buildConfigurationList = E6254E6B2E77D083006FEF18 /* Build configuration list for PBXNativeTarget "SwiftSourceControlTests" */;
			buildPhases = (
				E6254E502E77D083006FEF18 /* Sources */,
				E6254E512E77D083006FEF18 /* Frameworks */,
				E6254E522E77D083006FEF18 /* Resources */,
			);
			buildRules = (
			);
			dependencies = (
				E6254E562E77D083006FEF18 /* PBXTargetDependency */,
			);
			fileSystemSynchronizedGroups = (
				E6254E572E77D083006FEF18 /* SwiftSourceControlTests */,
			);
			name = SwiftSourceControlTests;
			packageProductDependencies = (
			);
			productName = SwiftSourceControlTests;
			productReference = E6254E542E77D083006FEF18 /* SwiftSourceControlTests.xctest */;
			productType = "com.apple.product-type.bundle.unit-test";
		};
		E6254E5D2E77D083006FEF18 /* SwiftSourceControlUITests */ = {
			isa = PBXNativeTarget;
			buildConfigurationList = E6254E6E2E77D083006FEF18 /* Build configuration list for PBXNativeTarget "SwiftSourceControlUITests" */;
			buildPhases = (
				E6254E5A2E77D083006FEF18 /* Sources */,
				E6254E5B2E77D083006FEF18 /* Frameworks */,
				E6254E5C2E77D083006FEF18 /* Resources */,
			);
			buildRules = (
			);
			dependencies = (
				E6254E602E77D083006FEF18 /* PBXTargetDependency */,
			);
			fileSystemSynchronizedGroups = (
				E6254E612E77D083006FEF18 /* SwiftSourceControlUITests */,
			);
			name = SwiftSourceControlUITests;
			packageProductDependencies = (
			);
			productName = SwiftSourceControlUITests;
			productReference = E6254E5E2E77D083006FEF18 /* SwiftSourceControlUITests.xctest */;
			productType = "com.apple.product-type.bundle.ui-testing";
		};
/* End PBXNativeTarget section */

/* Begin PBXProject section */
		E6254E3F2E77D082006FEF18 /* Project object */ = {
			isa = PBXProject;
			attributes = {
				BuildIndependentTargetsInParallel = 1;
				LastSwiftUpdateCheck = 1640;
				LastUpgradeCheck = 1640;
				TargetAttributes = {
					E6254E462E77D082006FEF18 = {
						CreatedOnToolsVersion = 16.4;
					};
					E6254E532E77D083006FEF18 = {
						CreatedOnToolsVersion = 16.4;
						TestTargetID = E6254E462E77D082006FEF18;
					};
					E6254E5D2E77D083006FEF18 = {
						CreatedOnToolsVersion = 16.4;
						TestTargetID = E6254E462E77D082006FEF18;
					};
				};
			};
			buildConfigurationList = E6254E422E77D082006FEF18 /* Build configuration list for PBXProject "SwiftSourceControl" */;
			developmentRegion = en;
			hasScannedForEncodings = 0;
			knownRegions = (
				en,
				Base,
			);
			mainGroup = E6254E3E2E77D082006FEF18;
			minimizedProjectReferenceProxies = 1;
			preferredProjectObjectVersion = 77;
			productRefGroup = E6254E482E77D082006FEF18 /* Products */;
			projectDirPath = "";
			projectRoot = "";
			targets = (
				E6254E462E77D082006FEF18 /* SwiftSourceControl */,
				E6254E532E77D083006FEF18 /* SwiftSourceControlTests */,
				E6254E5D2E77D083006FEF18 /* SwiftSourceControlUITests */,
			);
		};
/* End PBXProject section */

/* Begin PBXResourcesBuildPhase section */
		E6254E452E77D082006FEF18 /* Resources */ = {
			isa = PBXResourcesBuildPhase;
			buildActionMask = 2147483647;
			files = (
			);
			runOnlyForDeploymentPostprocessing = 0;
		};
		E6254E522E77D083006FEF18 /* Resources */ = {
			isa = PBXResourcesBuildPhase;
			buildActionMask = 2147483647;
			files = (
			);
			runOnlyForDeploymentPostprocessing = 0;
		};
		E6254E5C2E77D083006FEF18 /* Resources */ = {
			isa = PBXResourcesBuildPhase;
			buildActionMask = 2147483647;
			files = (
			);
			runOnlyForDeploymentPostprocessing = 0;
		};
/* End PBXResourcesBuildPhase section */

/* Begin PBXSourcesBuildPhase section */
		E6254E432E77D082006FEF18 /* Sources */ = {
			isa = PBXSourcesBuildPhase;
			buildActionMask = 2147483647;
			files = (
			);
			runOnlyForDeploymentPostprocessing = 0;
		};
		E6254E502E77D083006FEF18 /* Sources */ = {
			isa = PBXSourcesBuildPhase;
			buildActionMask = 2147483647;
			files = (
			);
			runOnlyForDeploymentPostprocessing = 0;
		};
		E6254E5A2E77D083006FEF18 /* Sources */ = {
			isa = PBXSourcesBuildPhase;
			buildActionMask = 2147483647;
			files = (
			);
			runOnlyForDeploymentPostprocessing = 0;
		};
/* End PBXSourcesBuildPhase section */

/* Begin PBXTargetDependency section */
		E6254E562E77D083006FEF18 /* PBXTargetDependency */ = {
			isa = PBXTargetDependency;
			target = E6254E462E77D082006FEF18 /* SwiftSourceControl */;
			targetProxy = E6254E552E77D083006FEF18 /* PBXContainerItemProxy */;
		};
		E6254E602E77D083006FEF18 /* PBXTargetDependency */ = {
			isa = PBXTargetDependency;
			target = E6254E462E77D082006FEF18 /* SwiftSourceControl */;
			targetProxy = E6254E5F2E77D083006FEF18 /* PBXContainerItemProxy */;
		};
/* End PBXTargetDependency section */

/* Begin XCBuildConfiguration section */
		E6254E662E77D083006FEF18 /* Debug */ = {
			isa = XCBuildConfiguration;
			buildSettings = {
				ALWAYS_SEARCH_USER_PATHS = NO;
				ASSETCATALOG_COMPILER_GENERATE_SWIFT_ASSET_SYMBOL_EXTENSIONS = YES;
				CLANG_ANALYZER_NONNULL = YES;
				CLANG_ANALYZER_NUMBER_OBJECT_CONVERSION = YES_AGGRESSIVE;
				CLANG_CXX_LANGUAGE_STANDARD = "gnu++20";
				CLANG_ENABLE_MODULES = YES;
				CLANG_ENABLE_OBJC_ARC = YES;
				CLANG_ENABLE_OBJC_WEAK = YES;
				CLANG_WARN_BLOCK_CAPTURE_AUTORELEASING = YES;
				CLANG_WARN_BOOL_CONVERSION = YES;
				CLANG_WARN_COMMA = YES;
				CLANG_WARN_CONSTANT_CONVERSION = YES;
				CLANG_WARN_DEPRECATED_OBJC_IMPLEMENTATIONS = YES;
				CLANG_WARN_DIRECT_OBJC_ISA_USAGE = YES_ERROR;
				CLANG_WARN_DOCUMENTATION_COMMENTS = YES;
				CLANG_WARN_EMPTY_BODY = YES;
				CLANG_WARN_ENUM_CONVERSION = YES;
				CLANG_WARN_INFINITE_RECURSION = YES;
				CLANG_WARN_INT_CONVERSION = YES;
				CLANG_WARN_NON_LITERAL_NULL_CONVERSION = YES;
				CLANG_WARN_OBJC_IMPLICIT_RETAIN_SELF = YES;
				CLANG_WARN_OBJC_LITERAL_CONVERSION = YES;
				CLANG_WARN_OBJC_ROOT_CLASS = YES_ERROR;
				CLANG_WARN_QUOTED_INCLUDE_IN_FRAMEWORK_HEADER = YES;
				CLANG_WARN_RANGE_LOOP_ANALYSIS = YES;
				CLANG_WARN_STRICT_PROTOTYPES = YES;
				CLANG_WARN_SUSPICIOUS_MOVE = YES;
				CLANG_WARN_UNGUARDED_AVAILABILITY = YES_AGGRESSIVE;
				CLANG_WARN_UNREACHABLE_CODE = YES;
				CLANG_WARN__DUPLICATE_METHOD_MATCH = YES;
				COPY_PHASE_STRIP = NO;
				DEBUG_INFORMATION_FORMAT = dwarf;
				ENABLE_STRICT_OBJC_MSGSEND = YES;
				ENABLE_TESTABILITY = YES;
				ENABLE_USER_SCRIPT_SANDBOXING = YES;
				GCC_C_LANGUAGE_STANDARD = gnu17;
				GCC_DYNAMIC_NO_PIC = NO;
				GCC_NO_COMMON_BLOCKS = YES;
				GCC_OPTIMIZATION_LEVEL = 0;
				GCC_PREPROCESSOR_DEFINITIONS = (
					"DEBUG=1",
					"$(inherited)",
				);
				GCC_WARN_64_TO_32_BIT_CONVERSION = YES;
				GCC_WARN_ABOUT_RETURN_TYPE = YES_ERROR;
				GCC_WARN_UNDECLARED_SELECTOR = YES;
				GCC_WARN_UNINITIALIZED_AUTOS = YES_AGGRESSIVE;
				GCC_WARN_UNUSED_FUNCTION = YES;
				GCC_WARN_UNUSED_VARIABLE = YES;
				IPHONEOS_DEPLOYMENT_TARGET = 18.5;
				LOCALIZATION_PREFERS_STRING_CATALOGS = YES;
				MTL_ENABLE_DEBUG_INFO = INCLUDE_SOURCE;
				MTL_FAST_MATH = YES;
				ONLY_ACTIVE_ARCH = YES;
				SDKROOT = iphoneos;
				SWIFT_ACTIVE_COMPILATION_CONDITIONS = "DEBUG $(inherited)";
				SWIFT_OPTIMIZATION_LEVEL = "-Onone";
			};
			name = Debug;
		};
		E6254E672E77D083006FEF18 /* Release */ = {
			isa = XCBuildConfiguration;
			buildSettings = {
				ALWAYS_SEARCH_USER_PATHS = NO;
				ASSETCATALOG_COMPILER_GENERATE_SWIFT_ASSET_SYMBOL_EXTENSIONS = YES;
				CLANG_ANALYZER_NONNULL = YES;
				CLANG_ANALYZER_NUMBER_OBJECT_CONVERSION = YES_AGGRESSIVE;
				CLANG_CXX_LANGUAGE_STANDARD = "gnu++20";
				CLANG_ENABLE_MODULES = YES;
				CLANG_ENABLE_OBJC_ARC = YES;
				CLANG_ENABLE_OBJC_WEAK = YES;
				CLANG_WARN_BLOCK_CAPTURE_AUTORELEASING = YES;
				CLANG_WARN_BOOL_CONVERSION = YES;
				CLANG_WARN_COMMA = YES;
				CLANG_WARN_CONSTANT_CONVERSION = YES;
				CLANG_WARN_DEPRECATED_OBJC_IMPLEMENTATIONS = YES;
				CLANG_WARN_DIRECT_OBJC_ISA_USAGE = YES_ERROR;
				CLANG_WARN_DOCUMENTATION_COMMENTS = YES;
				CLANG_WARN_EMPTY_BODY = YES;
				CLANG_WARN_ENUM_CONVERSION = YES;
				CLANG_WARN_INFINITE_RECURSION = YES;
				CLANG_WARN_INT_CONVERSION = YES;
				CLANG_WARN_NON_LITERAL_NULL_CONVERSION = YES;
				CLANG_WARN_OBJC_IMPLICIT_RETAIN_SELF = YES;
				CLANG_WARN_OBJC_LITERAL_CONVERSION = YES;
				CLANG_WARN_OBJC_ROOT_CLASS = YES_ERROR;
				CLANG_WARN_QUOTED_INCLUDE_IN_FRAMEWORK_HEADER = YES;
				CLANG_WARN_RANGE_LOOP_ANALYSIS = YES;
				CLANG_WARN_STRICT_PROTOTYPES = YES;
				CLANG_WARN_SUSPICIOUS_MOVE = YES;
				CLANG_WARN_UNGUARDED_AVAILABILITY = YES_AGGRESSIVE;
				CLANG_WARN_UNREACHABLE_CODE = YES;
				CLANG_WARN__DUPLICATE_METHOD_MATCH = YES;
				COPY_PHASE_STRIP = NO;
				DEBUG_INFORMATION_FORMAT = "dwarf-with-dsym";
				ENABLE_NS_ASSERTIONS = NO;
				ENABLE_STRICT_OBJC_MSGSEND = YES;
				ENABLE_USER_SCRIPT_SANDBOXING = YES;
				GCC_C_LANGUAGE_STANDARD = gnu17;
				GCC_NO_COMMON_BLOCKS = YES;
				GCC_WARN_64_TO_32_BIT_CONVERSION = YES;
				GCC_WARN_ABOUT_RETURN_TYPE = YES_ERROR;
				GCC_WARN_UNDECLARED_SELECTOR = YES;
				GCC_WARN_UNINITIALIZED_AUTOS = YES_AGGRESSIVE;
				GCC_WARN_UNUSED_FUNCTION = YES;
				GCC_WARN_UNUSED_VARIABLE = YES;
				IPHONEOS_DEPLOYMENT_TARGET = 18.5;
				LOCALIZATION_PREFERS_STRING_CATALOGS = YES;
				MTL_ENABLE_DEBUG_INFO = NO;
				MTL_FAST_MATH = YES;
				SDKROOT = iphoneos;
				SWIFT_COMPILATION_MODE = wholemodule;
				VALIDATE_PRODUCT = YES;
			};
			name = Release;
		};
		E6254E692E77D083006FEF18 /* Debug */ = {
			isa = XCBuildConfiguration;
			buildSettings = {
				ASSETCATALOG_COMPILER_APPICON_NAME = AppIcon;
				ASSETCATALOG_COMPILER_GLOBAL_ACCENT_COLOR_NAME = AccentColor;
				CODE_SIGN_STYLE = Automatic;
				CURRENT_PROJECT_VERSION = 1;
				ENABLE_PREVIEWS = YES;
				GENERATE_INFOPLIST_FILE = YES;
				INFOPLIST_KEY_UIApplicationSceneManifest_Generation = YES;
				INFOPLIST_KEY_UIApplicationSupportsIndirectInputEvents = YES;
				INFOPLIST_KEY_UILaunchScreen_Generation = YES;
				INFOPLIST_KEY_UISupportedInterfaceOrientations_iPad = "UIInterfaceOrientationPortrait UIInterfaceOrientationPortraitUpsideDown UIInterfaceOrientationLandscapeLeft UIInterfaceOrientationLandscapeRight";
				INFOPLIST_KEY_UISupportedInterfaceOrientations_iPhone = "UIInterfaceOrientationPortrait UIInterfaceOrientationLandscapeLeft UIInterfaceOrientationLandscapeRight";
				LD_RUNPATH_SEARCH_PATHS = (
					"$(inherited)",
					"@executable_path/Frameworks",
				);
				MARKETING_VERSION = 1.0;
				PRODUCT_BUNDLE_IDENTIFIER = hp.SwiftSourceControl;
				PRODUCT_NAME = "$(TARGET_NAME)";
				SWIFT_EMIT_LOC_STRINGS = YES;
				SWIFT_VERSION = 5.0;
				TARGETED_DEVICE_FAMILY = "1,2";
			};
			name = Debug;
		};
		E6254E6A2E77D083006FEF18 /* Release */ = {
			isa = XCBuildConfiguration;
			buildSettings = {
				ASSETCATALOG_COMPILER_APPICON_NAME = AppIcon;
				ASSETCATALOG_COMPILER_GLOBAL_ACCENT_COLOR_NAME = AccentColor;
				CODE_SIGN_STYLE = Automatic;
				CURRENT_PROJECT_VERSION = 1;
				ENABLE_PREVIEWS = YES;
				GENERATE_INFOPLIST_FILE = YES;
				INFOPLIST_KEY_UIApplicationSceneManifest_Generation = YES;
				INFOPLIST_KEY_UIApplicationSupportsIndirectInputEvents = YES;
				INFOPLIST_KEY_UILaunchScreen_Generation = YES;
				INFOPLIST_KEY_UISupportedInterfaceOrientations_iPad = "UIInterfaceOrientationPortrait UIInterfaceOrientationPortraitUpsideDown UIInterfaceOrientationLandscapeLeft UIInterfaceOrientationLandscapeRight";
				INFOPLIST_KEY_UISupportedInterfaceOrientations_iPhone = "UIInterfaceOrientationPortrait UIInterfaceOrientationLandscapeLeft UIInterfaceOrientationLandscapeRight";
				LD_RUNPATH_SEARCH_PATHS = (
					"$(inherited)",
					"@executable_path/Frameworks",
				);
				MARKETING_VERSION = 1.0;
				PRODUCT_BUNDLE_IDENTIFIER = hp.SwiftSourceControl;
				PRODUCT_NAME = "$(TARGET_NAME)";
				SWIFT_EMIT_LOC_STRINGS = YES;
				SWIFT_VERSION = 5.0;
				TARGETED_DEVICE_FAMILY = "1,2";
			};
			name = Release;
		};
		E6254E6C2E77D083006FEF18 /* Debug */ = {
			isa = XCBuildConfiguration;
			buildSettings = {
				BUNDLE_LOADER = "$(TEST_HOST)";
				CODE_SIGN_STYLE = Automatic;
				CURRENT_PROJECT_VERSION = 1;
				GENERATE_INFOPLIST_FILE = YES;
				IPHONEOS_DEPLOYMENT_TARGET = 18.5;
				MARKETING_VERSION = 1.0;
				PRODUCT_BUNDLE_IDENTIFIER = hp.SwiftSourceControlTests;
				PRODUCT_NAME = "$(TARGET_NAME)";
				SWIFT_EMIT_LOC_STRINGS = NO;
				SWIFT_VERSION = 5.0;
				TARGETED_DEVICE_FAMILY = "1,2";
				TEST_HOST = "$(BUILT_PRODUCTS_DIR)/SwiftSourceControl.app/$(BUNDLE_EXECUTABLE_FOLDER_PATH)/SwiftSourceControl";
			};
			name = Debug;
		};
		E6254E6D2E77D083006FEF18 /* Release */ = {
			isa = XCBuildConfiguration;
			buildSettings = {
				BUNDLE_LOADER = "$(TEST_HOST)";
				CODE_SIGN_STYLE = Automatic;
				CURRENT_PROJECT_VERSION = 1;
				GENERATE_INFOPLIST_FILE = YES;
				IPHONEOS_DEPLOYMENT_TARGET = 18.5;
				MARKETING_VERSION = 1.0;
				PRODUCT_BUNDLE_IDENTIFIER = hp.SwiftSourceControlTests;
				PRODUCT_NAME = "$(TARGET_NAME)";
				SWIFT_EMIT_LOC_STRINGS = NO;
				SWIFT_VERSION = 5.0;
				TARGETED_DEVICE_FAMILY = "1,2";
				TEST_HOST = "$(BUILT_PRODUCTS_DIR)/SwiftSourceControl.app/$(BUNDLE_EXECUTABLE_FOLDER_PATH)/SwiftSourceControl";
			};
			name = Release;
		};
		E6254E6F2E77D083006FEF18 /* Debug */ = {
			isa = XCBuildConfiguration;
			buildSettings = {
				CODE_SIGN_STYLE = Automatic;
				CURRENT_PROJECT_VERSION = 1;
				GENERATE_INFOPLIST_FILE = YES;
				MARKETING_VERSION = 1.0;
				PRODUCT_BUNDLE_IDENTIFIER = hp.SwiftSourceControlUITests;
				PRODUCT_NAME = "$(TARGET_NAME)";
				SWIFT_EMIT_LOC_STRINGS = NO;
				SWIFT_VERSION = 5.0;
				TARGETED_DEVICE_FAMILY = "1,2";
				TEST_TARGET_NAME = SwiftSourceControl;
			};
			name = Debug;
		};
		E6254E702E77D083006FEF18 /* Release */ = {
			isa = XCBuildConfiguration;
			buildSettings = {
				CODE_SIGN_STYLE = Automatic;
				CURRENT_PROJECT_VERSION = 1;
				GENERATE_INFOPLIST_FILE = YES;
				MARKETING_VERSION = 1.0;
				PRODUCT_BUNDLE_IDENTIFIER = hp.SwiftSourceControlUITests;
				PRODUCT_NAME = "$(TARGET_NAME)";
				SWIFT_EMIT_LOC_STRINGS = NO;
				SWIFT_VERSION = 5.0;
				TARGETED_DEVICE_FAMILY = "1,2";
				TEST_TARGET_NAME = SwiftSourceControl;
			};
			name = Release;
		};
/* End XCBuildConfiguration section */

/* Begin XCConfigurationList section */
		E6254E422E77D082006FEF18 /* Build configuration list for PBXProject "SwiftSourceControl" */ = {
			isa = XCConfigurationList;
			buildConfigurations = (
				E6254E662E77D083006FEF18 /* Debug */,
				E6254E672E77D083006FEF18 /* Release */,
			);
			defaultConfigurationIsVisible = 0;
			defaultConfigurationName = Release;
		};
		E6254E682E77D083006FEF18 /* Build configuration list for PBXNativeTarget "SwiftSourceControl" */ = {
			isa = XCConfigurationList;
			buildConfigurations = (
				E6254E692E77D083006FEF18 /* Debug */,
				E6254E6A2E77D083006FEF18 /* Release */,
			);
			defaultConfigurationIsVisible = 0;
			defaultConfigurationName = Release;
		};
		E6254E6B2E77D083006FEF18 /* Build configuration list for PBXNativeTarget "SwiftSourceControlTests" */ = {
			isa = XCConfigurationList;
			buildConfigurations = (
				E6254E6C2E77D083006FEF18 /* Debug */,
				E6254E6D2E77D083006FEF18 /* Release */,
			);
			defaultConfigurationIsVisible = 0;
			defaultConfigurationName = Release;
		};
		E6254E6E2E77D083006FEF18 /* Build configuration list for PBXNativeTarget "SwiftSourceControlUITests" */ = {
			isa = XCConfigurationList;
			buildConfigurations = (
				E6254E6F2E77D083006FEF18 /* Debug */,
				E6254E702E77D083006FEF18 /* Release */,
			);
			defaultConfigurationIsVisible = 0;
			defaultConfigurationName = Release;
		};
/* End XCConfigurationList section */
	};
	rootObject = E6254E3F2E77D082006FEF18 /* Project object */;
}
